
Microsoft Visual Studio Solution File, Format Version 12.00
# Visual Studio Version 17
VisualStudioVersion = 17.10.34916.146
MinimumVisualStudioVersion = 10.0.40219.1
Project("{FAE04EC0-301F-11D3-BF4B-00C04F79EFBC}") = "TaskManagementSystemBE", "TaskManagementSystemBE\TaskManagementSystemBE.csproj", "{D9A9743B-49C2-4247-8898-84C1DFBA668E}"
EndProject
Project("{FAE04EC0-301F-11D3-BF4B-00C04F79EFBC}") = "ServiceLayer", "ServiceLayer\ServiceLayer.csproj", "{89D19287-AD6B-4ACB-82A9-C7320283A437}"
EndProject
Project("{FAE04EC0-301F-11D3-BF4B-00C04F79EFBC}") = "DataLayer", "DataLayer\DataLayer.csproj", "{4C3B61E6-E81C-4490-B78E-9191DB0057AD}"
EndProject
Global
	GlobalSection(SolutionConfigurationPlatforms) = preSolution
		Debug|Any CPU = Debug|Any CPU
		Release|Any CPU = Release|Any CPU
	EndGlobalSection
	GlobalSection(ProjectConfigurationPlatforms) = postSolution
		{D9A9743B-49C2-4247-8898-84C1DFBA668E}.Debug|Any CPU.ActiveCfg = Debug|Any CPU
		{D9A9743B-49C2-4247-8898-84C1DFBA668E}.Debug|Any CPU.Build.0 = Debug|Any CPU
		{D9A9743B-49C2-4247-8898-84C1DFBA668E}.Release|Any CPU.ActiveCfg = Release|Any CPU
		{D9A9743B-49C2-4247-8898-84C1DFBA668E}.Release|Any CPU.Build.0 = Release|Any CPU
		{89D19287-AD6B-4ACB-82A9-C7320283A437}.Debug|Any CPU.ActiveCfg = Debug|Any CPU
		{89D19287-AD6B-4ACB-82A9-C7320283A437}.Debug|Any CPU.Build.0 = Debug|Any CPU
		{89D19287-AD6B-4ACB-82A9-C7320283A437}.Release|Any CPU.ActiveCfg = Release|Any CPU
		{89D19287-AD6B-4ACB-82A9-C7320283A437}.Release|Any CPU.Build.0 = Release|Any CPU
		{4C3B61E6-E81C-4490-B78E-9191DB0057AD}.Debug|Any CPU.ActiveCfg = Debug|Any CPU
		{4C3B61E6-E81C-4490-B78E-9191DB0057AD}.Debug|Any CPU.Build.0 = Debug|Any CPU
		{4C3B61E6-E81C-4490-B78E-9191DB0057AD}.Release|Any CPU.ActiveCfg = Release|Any CPU
		{4C3B61E6-E81C-4490-B78E-9191DB0057AD}.Release|Any CPU.Build.0 = Release|Any CPU
	EndGlobalSection
	GlobalSection(SolutionProperties) = preSolution
		HideSolutionNode = FALSE
	EndGlobalSection
	GlobalSection(ExtensibilityGlobals) = postSolution
		SolutionGuid = {4D1E247A-CA62-4216-AD97-BA2C749747C3}
	EndGlobalSection
EndGlobal
